
Microsoft Visual Studio Solution File, Format Version 12.00
# Visual Studio Version 17
VisualStudioVersion = 17.8.34511.84
MinimumVisualStudioVersion = 10.0.40219.1
Project("{FAE04EC0-301F-11D3-BF4B-00C04F79EFBC}") = "API Proje", "API Proje.csproj", "{8AB7CDBA-C6E9-4481-9D68-F4588BBE02D3}"
EndProject
Global
	GlobalSection(SolutionConfigurationPlatforms) = preSolution
		Debug|Any CPU = Debug|Any CPU
		Release|Any CPU = Release|Any CPU
	EndGlobalSection
	GlobalSection(ProjectConfigurationPlatforms) = postSolution
		{8AB7CDBA-C6E9-4481-9D68-F4588BBE02D3}.Debug|Any CPU.ActiveCfg = Debug|Any CPU
		{8AB7CDBA-C6E9-4481-9D68-F4588BBE02D3}.Debug|Any CPU.Build.0 = Debug|Any CPU
		{8AB7CDBA-C6E9-4481-9D68-F4588BBE02D3}.Release|Any CPU.ActiveCfg = Release|Any CPU
		{8AB7CDBA-C6E9-4481-9D68-F4588BBE02D3}.Release|Any CPU.Build.0 = Release|Any CPU
	EndGlobalSection
	GlobalSection(SolutionProperties) = preSolution
		HideSolutionNode = FALSE
	EndGlobalSection
	GlobalSection(ExtensibilityGlobals) = postSolution
		SolutionGuid = {B2B3AB55-908C-43FF-A963-80073EA8FFFE}
	EndGlobalSection
EndGlobal
